github.com/bradfitz/gomemcache v0.0.0-20220106215444-fb4bf637b56d h1:pVrfxiGfwelyab6n21ZBkbkmbevaf+WvMIiR7sr97hw=
github.com/bradfitz/gomemcache v0.0.0-20220106215444-fb4bf637b56d/go.mod h1:H0wQNHz2YrLsuXOZozoeDmnHXkNCRmMW0gwFWDfEZDA=
github.com/lib/pq v1.10.4 h1:SO9z7FRPzA03QhHKJrH5BXA6HU1rS4V2nIVrrNC1iYk=
github.com/lib/pq v1.10.4/go.mod h1:AlVN5x4E4T544tWzH6hKfbfQvm3HdbOxrmggDNAPY9o=
